
Microsoft Visual Studio Solution File, Format Version 11.00
# Visual C++ Express 2010
Project("{8BC9CEB8-8B4A-11D0-8D11-00A0C91BC942}") = "randomgame", "randomgame\randomgame.vcxproj", "{F1621443-81A2-4E79-9E1E-24C31DFD5122}"
EndProject
Project("{8BC9CEB8-8B4A-11D0-8D11-00A0C91BC942}") = "server", "server\server.vcxproj", "{BA7FFB9C-82BF-4D10-81CC-55E93ED25815}"
EndProject
Project("{8BC9CEB8-8B4A-11D0-8D11-00A0C91BC942}") = "client", "client\client.vcxproj", "{FDF2A586-7C16-40B8-832B-59B7753CFBE3}"
EndProject
Global
	GlobalSection(SolutionConfigurationPlatforms) = preSolution
		Debug|Win32 = Debug|Win32
		Release|Win32 = Release|Win32
	EndGlobalSection
	GlobalSection(ProjectConfigurationPlatforms) = postSolution
		{F1621443-81A2-4E79-9E1E-24C31DFD5122}.Debug|Win32.ActiveCfg = Debug|Win32
		{F1621443-81A2-4E79-9E1E-24C31DFD5122}.Debug|Win32.Build.0 = Debug|Win32
		{F1621443-81A2-4E79-9E1E-24C31DFD5122}.Release|Win32.ActiveCfg = Release|Win32
		{F1621443-81A2-4E79-9E1E-24C31DFD5122}.Release|Win32.Build.0 = Release|Win32
		{BA7FFB9C-82BF-4D10-81CC-55E93ED25815}.Debug|Win32.ActiveCfg = Debug|Win32
		{BA7FFB9C-82BF-4D10-81CC-55E93ED25815}.Debug|Win32.Build.0 = Debug|Win32
		{BA7FFB9C-82BF-4D10-81CC-55E93ED25815}.Release|Win32.ActiveCfg = Release|Win32
		{BA7FFB9C-82BF-4D10-81CC-55E93ED25815}.Release|Win32.Build.0 = Release|Win32
		{FDF2A586-7C16-40B8-832B-59B7753CFBE3}.Debug|Win32.ActiveCfg = Debug|Win32
		{FDF2A586-7C16-40B8-832B-59B7753CFBE3}.Debug|Win32.Build.0 = Debug|Win32
		{FDF2A586-7C16-40B8-832B-59B7753CFBE3}.Release|Win32.ActiveCfg = Release|Win32
		{FDF2A586-7C16-40B8-832B-59B7753CFBE3}.Release|Win32.Build.0 = Release|Win32
	EndGlobalSection
	GlobalSection(SolutionProperties) = preSolution
		HideSolutionNode = FALSE
	EndGlobalSection
EndGlobal
