<?xml version="1.0" encoding="utf-8"?>
<Project ToolsVersion="4.0" xmlns="http://schemas.microsoft.com/developer/msbuild/2003">
  <ItemGroup>
    <Filter Include="Framework">
      <UniqueIdentifier>{33eb2910-14f0-4da1-90c0-d0a4d83c525f}</UniqueIdentifier>
    </Filter>
    <Filter Include="Tests">
      <UniqueIdentifier>{218602a8-53d8-42ff-813e-c7b23d7b831a}</UniqueIdentifier>
    </Filter>
    <Filter Include="src">
      <UniqueIdentifier>{2844805e-0f35-4775-907e-36cba0cbde37}</UniqueIdentifier>
    </Filter>
    <Filter Include="src\Servidor">
      <UniqueIdentifier>{cdd05c8a-5273-4e49-937f-4c47ab48ff2d}</UniqueIdentifier>
    </Filter>
    <Filter Include="src\utils">
      <UniqueIdentifier>{41c267fd-4827-483a-8521-b52d0b65727d}</UniqueIdentifier>
    </Filter>
    <Filter Include="src\Servidor\modelo">
      <UniqueIdentifier>{757a6a73-891b-4ae0-adfa-3acaa6c23c0f}</UniqueIdentifier>
    </Filter>
    <Filter Include="src\Servidor\modelo\Entities">
      <UniqueIdentifier>{812a9e87-2d9d-4579-ada4-d8e241faed9a}</UniqueIdentifier>
    </Filter>
    <Filter Include="src\Servidor\modelo\Exceptions">
      <UniqueIdentifier>{aa84c218-fb4f-4fff-aed0-12307c550a56}</UniqueIdentifier>
    </Filter>
    <Filter Include="src\Servidor\modelo\HandlerBmp">
      <UniqueIdentifier>{de3f127c-c839-4fd0-9658-5b0a04eac6d4}</UniqueIdentifier>
    </Filter>
    <Filter Include="src\Servidor\modelo\Physics">
      <UniqueIdentifier>{c9556935-8f46-4638-a2d1-9e3f6cc92bba}</UniqueIdentifier>
    </Filter>
    <Filter Include="src\utils\Constantes">
      <UniqueIdentifier>{cb47a0cc-2b90-4360-94f0-7a69350f0f0f}</UniqueIdentifier>
    </Filter>
    <Filter Include="src\utils\Log">
      <UniqueIdentifier>{284ab992-e819-444f-80fe-cd219ff047d2}</UniqueIdentifier>
    </Filter>
    <Filter Include="src\utils\Network">
      <UniqueIdentifier>{1190ddcd-b8a3-4556-a61a-61e6afa65354}</UniqueIdentifier>
    </Filter>
    <Filter Include="src\Servidor\modelo\Physics\Bodies">
      <UniqueIdentifier>{b9d0418a-5c62-46be-ac8d-2098044a7243}</UniqueIdentifier>
    </Filter>
    <Filter Include="src\Servidor\modelo\Physics\Bodies\Worm">
      <UniqueIdentifier>{c191c113-fc57-424d-9993-82587226733a}</UniqueIdentifier>
    </Filter>
  </ItemGroup>
  <ItemGroup>
    <ClCompile Include="Testbed\Framework\Main.cpp">
      <Filter>Framework</Filter>
    </ClCompile>
    <ClCompile Include="Testbed\Framework\Render.cpp">
      <Filter>Framework</Filter>
    </ClCompile>
    <ClCompile Include="Testbed\Framework\Test.cpp">
      <Filter>Framework</Filter>
    </ClCompile>
    <ClCompile Include="Testbed\Tests\TestEntries.cpp">
      <Filter>Tests</Filter>
    </ClCompile>
    <ClCompile Include="..\randomgame\src\Servidor\modelo\Exceptions\ContourException.cpp">
      <Filter>src\Servidor\modelo\Exceptions</Filter>
    </ClCompile>
    <ClCompile Include="..\randomgame\src\Servidor\modelo\Exceptions\PlayerException.cpp">
      <Filter>src\Servidor\modelo\Exceptions</Filter>
    </ClCompile>
    <ClCompile Include="src\Servidor\modelo\TerrainProcessor.cpp">
      <Filter>src\Servidor\modelo</Filter>
    </ClCompile>
    <ClCompile Include="src\Servidor\modelo\HandlerBmp\ColorBlack.cpp">
      <Filter>src\Servidor\modelo\HandlerBmp</Filter>
    </ClCompile>
    <ClCompile Include="src\Servidor\modelo\HandlerBmp\ColorBmp.cpp">
      <Filter>src\Servidor\modelo\HandlerBmp</Filter>
    </ClCompile>
    <ClCompile Include="src\Servidor\modelo\HandlerBmp\ColorRgb.cpp">
      <Filter>src\Servidor\modelo\HandlerBmp</Filter>
    </ClCompile>
    <ClCompile Include="src\Servidor\modelo\HandlerBmp\ColorWhite.cpp">
      <Filter>src\Servidor\modelo\HandlerBmp</Filter>
    </ClCompile>
    <ClCompile Include="src\Servidor\modelo\HandlerBmp\ContourBmp.cpp">
      <Filter>src\Servidor\modelo\HandlerBmp</Filter>
    </ClCompile>
    <ClCompile Include="src\Servidor\modelo\HandlerBmp\DataBmp.cpp">
      <Filter>src\Servidor\modelo\HandlerBmp</Filter>
    </ClCompile>
    <ClCompile Include="src\Servidor\modelo\HandlerBmp\DataBmp24.cpp">
      <Filter>src\Servidor\modelo\HandlerBmp</Filter>
    </ClCompile>
    <ClCompile Include="src\Servidor\modelo\HandlerBmp\DataBmp32.cpp">
      <Filter>src\Servidor\modelo\HandlerBmp</Filter>
    </ClCompile>
    <ClCompile Include="src\Servidor\modelo\HandlerBmp\DataImgSdl.cpp">
      <Filter>src\Servidor\modelo\HandlerBmp</Filter>
    </ClCompile>
    <ClCompile Include="src\Servidor\modelo\HandlerBmp\PixelBmp.cpp">
      <Filter>src\Servidor\modelo\HandlerBmp</Filter>
    </ClCompile>
    <ClCompile Include="src\Servidor\modelo\HandlerBmp\Position.cpp">
      <Filter>src\Servidor\modelo\HandlerBmp</Filter>
    </ClCompile>
    <ClCompile Include="src\Servidor\modelo\HandlerBmp\TerrainImg.cpp">
      <Filter>src\Servidor\modelo\HandlerBmp</Filter>
    </ClCompile>
    <ClCompile Include="src\utils\Util.cpp">
      <Filter>src\utils</Filter>
    </ClCompile>
    <ClCompile Include="src\Servidor\modelo\HandleContour.cpp">
      <Filter>src\Servidor\modelo</Filter>
    </ClCompile>
    <ClCompile Include="src\Servidor\modelo\b2Separator.cpp">
      <Filter>src\Servidor\modelo</Filter>
    </ClCompile>
    <ClCompile Include="src\Servidor\modelo\Physics\Bodies\Worm\Worm2d.cpp">
      <Filter>src\Servidor\modelo\Physics\Bodies\Worm</Filter>
    </ClCompile>
    <ClCompile Include="src\Servidor\modelo\Physics\Bodies\Worm\WormActions.cpp">
      <Filter>src\Servidor\modelo\Physics\Bodies\Worm</Filter>
    </ClCompile>
    <ClCompile Include="src\Servidor\modelo\Physics\Bodies\Cuadrado.cpp">
      <Filter>src\Servidor\modelo\Physics\Bodies</Filter>
    </ClCompile>
    <ClCompile Include="src\Servidor\modelo\Physics\Body.cpp">
      <Filter>src\Servidor\modelo\Physics</Filter>
    </ClCompile>
  </ItemGroup>
  <ItemGroup>
    <ClInclude Include="Testbed\Framework\Render.h">
      <Filter>Framework</Filter>
    </ClInclude>
    <ClInclude Include="Testbed\Framework\Test.h">
      <Filter>Framework</Filter>
    </ClInclude>
    <ClInclude Include="Testbed\Tests\AddPair.h">
      <Filter>Tests</Filter>
    </ClInclude>
    <ClInclude Include="Testbed\Tests\ApplyForce.h">
      <Filter>Tests</Filter>
    </ClInclude>
    <ClInclude Include="Testbed\Tests\Breakable.h">
      <Filter>Tests</Filter>
    </ClInclude>
    <ClInclude Include="Testbed\Tests\Bridge.h">
      <Filter>Tests</Filter>
    </ClInclude>
    <ClInclude Include="Testbed\Tests\BulletTest.h">
      <Filter>Tests</Filter>
    </ClInclude>
    <ClInclude Include="Testbed\Tests\Cantilever.h">
      <Filter>Tests</Filter>
    </ClInclude>
    <ClInclude Include="Testbed\Tests\Car.h">
      <Filter>Tests</Filter>
    </ClInclude>
    <ClInclude Include="Testbed\Tests\Chain.h">
      <Filter>Tests</Filter>
    </ClInclude>
    <ClInclude Include="Testbed\Tests\CharacterCollision.h">
      <Filter>Tests</Filter>
    </ClInclude>
    <ClInclude Include="Testbed\Tests\CollisionFiltering.h">
      <Filter>Tests</Filter>
    </ClInclude>
    <ClInclude Include="Testbed\Tests\CollisionProcessing.h">
      <Filter>Tests</Filter>
    </ClInclude>
    <ClInclude Include="Testbed\Tests\CompoundShapes.h">
      <Filter>Tests</Filter>
    </ClInclude>
    <ClInclude Include="Testbed\Tests\Confined.h">
      <Filter>Tests</Filter>
    </ClInclude>
    <ClInclude Include="Testbed\Tests\ContinuousTest.h">
      <Filter>Tests</Filter>
    </ClInclude>
    <ClInclude Include="Testbed\Tests\DistanceTest.h">
      <Filter>Tests</Filter>
    </ClInclude>
    <ClInclude Include="Testbed\Tests\Dominos.h">
      <Filter>Tests</Filter>
    </ClInclude>
    <ClInclude Include="Testbed\Tests\DumpShell.h">
      <Filter>Tests</Filter>
    </ClInclude>
    <ClInclude Include="Testbed\Tests\DynamicTreeTest.h">
      <Filter>Tests</Filter>
    </ClInclude>
    <ClInclude Include="Testbed\Tests\EdgeShapes.h">
      <Filter>Tests</Filter>
    </ClInclude>
    <ClInclude Include="Testbed\Tests\EdgeTest.h">
      <Filter>Tests</Filter>
    </ClInclude>
    <ClInclude Include="Testbed\Tests\Gears.h">
      <Filter>Tests</Filter>
    </ClInclude>
    <ClInclude Include="Testbed\Tests\OneSidedPlatform.h">
      <Filter>Tests</Filter>
    </ClInclude>
    <ClInclude Include="Testbed\Tests\Pinball.h">
      <Filter>Tests</Filter>
    </ClInclude>
    <ClInclude Include="Testbed\Tests\PolyCollision.h">
      <Filter>Tests</Filter>
    </ClInclude>
    <ClInclude Include="Testbed\Tests\PolyShapes.h">
      <Filter>Tests</Filter>
    </ClInclude>
    <ClInclude Include="Testbed\Tests\Prismatic.h">
      <Filter>Tests</Filter>
    </ClInclude>
    <ClInclude Include="Testbed\Tests\Pulleys.h">
      <Filter>Tests</Filter>
    </ClInclude>
    <ClInclude Include="Testbed\Tests\Pyramid.h">
      <Filter>Tests</Filter>
    </ClInclude>
    <ClInclude Include="Testbed\Tests\RayCast.h">
      <Filter>Tests</Filter>
    </ClInclude>
    <ClInclude Include="Testbed\Tests\Revolute.h">
      <Filter>Tests</Filter>
    </ClInclude>
    <ClInclude Include="Testbed\Tests\Rope.h">
      <Filter>Tests</Filter>
    </ClInclude>
    <ClInclude Include="Testbed\Tests\RopeJoint.h">
      <Filter>Tests</Filter>
    </ClInclude>
    <ClInclude Include="Testbed\Tests\SensorTest.h">
      <Filter>Tests</Filter>
    </ClInclude>
    <ClInclude Include="Testbed\Tests\ShapeEditing.h">
      <Filter>Tests</Filter>
    </ClInclude>
    <ClInclude Include="Testbed\Tests\SliderCrank.h">
      <Filter>Tests</Filter>
    </ClInclude>
    <ClInclude Include="Testbed\Tests\SphereStack.h">
      <Filter>Tests</Filter>
    </ClInclude>
    <ClInclude Include="Testbed\Tests\TheoJansen.h">
      <Filter>Tests</Filter>
    </ClInclude>
    <ClInclude Include="Testbed\Tests\Tiles.h">
      <Filter>Tests</Filter>
    </ClInclude>
    <ClInclude Include="Testbed\Tests\TimeOfImpact.h">
      <Filter>Tests</Filter>
    </ClInclude>
    <ClInclude Include="Testbed\Tests\TPCorrea.h">
      <Filter>Tests</Filter>
    </ClInclude>
    <ClInclude Include="Testbed\Tests\TPEngranaje.h">
      <Filter>Tests</Filter>
    </ClInclude>
    <ClInclude Include="Testbed\Tests\TPMotor.h">
      <Filter>Tests</Filter>
    </ClInclude>
    <ClInclude Include="Testbed\Tests\Tumbler.h">
      <Filter>Tests</Filter>
    </ClInclude>
    <ClInclude Include="Testbed\Tests\VaryingFriction.h">
      <Filter>Tests</Filter>
    </ClInclude>
    <ClInclude Include="Testbed\Tests\VaryingRestitution.h">
      <Filter>Tests</Filter>
    </ClInclude>
    <ClInclude Include="Testbed\Tests\VerticalStack.h">
      <Filter>Tests</Filter>
    </ClInclude>
    <ClInclude Include="Testbed\Tests\Web.h">
      <Filter>Tests</Filter>
    </ClInclude>
    <ClInclude Include="..\randomgame\src\Servidor\modelo\Exceptions\ContourException.h">
      <Filter>src\Servidor\modelo\Exceptions</Filter>
    </ClInclude>
    <ClInclude Include="..\randomgame\src\Servidor\modelo\Exceptions\PlayerException.h">
      <Filter>src\Servidor\modelo\Exceptions</Filter>
    </ClInclude>
    <ClInclude Include="resource.h" />
    <ClInclude Include="src\Servidor\modelo\TerrainProcessor.h">
      <Filter>src\Servidor\modelo</Filter>
    </ClInclude>
    <ClInclude Include="src\Servidor\modelo\HandlerBmp\ColorBlack.h">
      <Filter>src\Servidor\modelo\HandlerBmp</Filter>
    </ClInclude>
    <ClInclude Include="src\Servidor\modelo\HandlerBmp\ColorBmp.h">
      <Filter>src\Servidor\modelo\HandlerBmp</Filter>
    </ClInclude>
    <ClInclude Include="src\Servidor\modelo\HandlerBmp\ColorRgb.h">
      <Filter>src\Servidor\modelo\HandlerBmp</Filter>
    </ClInclude>
    <ClInclude Include="src\Servidor\modelo\HandlerBmp\ColorWhite.h">
      <Filter>src\Servidor\modelo\HandlerBmp</Filter>
    </ClInclude>
    <ClInclude Include="src\Servidor\modelo\HandlerBmp\ContourBmp.h">
      <Filter>src\Servidor\modelo\HandlerBmp</Filter>
    </ClInclude>
    <ClInclude Include="src\Servidor\modelo\HandlerBmp\DataBmp.h">
      <Filter>src\Servidor\modelo\HandlerBmp</Filter>
    </ClInclude>
    <ClInclude Include="src\Servidor\modelo\HandlerBmp\DataBmp24.h">
      <Filter>src\Servidor\modelo\HandlerBmp</Filter>
    </ClInclude>
    <ClInclude Include="src\Servidor\modelo\HandlerBmp\DataBmp32.h">
      <Filter>src\Servidor\modelo\HandlerBmp</Filter>
    </ClInclude>
    <ClInclude Include="src\Servidor\modelo\HandlerBmp\DataImgSdl.h">
      <Filter>src\Servidor\modelo\HandlerBmp</Filter>
    </ClInclude>
    <ClInclude Include="src\Servidor\modelo\HandlerBmp\PixelBmp.h">
      <Filter>src\Servidor\modelo\HandlerBmp</Filter>
    </ClInclude>
    <ClInclude Include="src\Servidor\modelo\HandlerBmp\Position.h">
      <Filter>src\Servidor\modelo\HandlerBmp</Filter>
    </ClInclude>
    <ClInclude Include="src\Servidor\modelo\HandlerBmp\TerrainImg.h">
      <Filter>src\Servidor\modelo\HandlerBmp</Filter>
    </ClInclude>
    <ClInclude Include="src\utils\Constantes\Constantes.h">
      <Filter>src\utils\Constantes</Filter>
    </ClInclude>
    <ClInclude Include="src\utils\Util.h">
      <Filter>src\utils</Filter>
    </ClInclude>
    <ClInclude Include="src\Servidor\modelo\HandleContour.h">
      <Filter>src\Servidor\modelo</Filter>
    </ClInclude>
    <ClInclude Include="src\Servidor\modelo\b2Separator.h">
      <Filter>src\Servidor\modelo</Filter>
    </ClInclude>
    <ClInclude Include="src\Servidor\modelo\Physics\Bodies\Worm\Worm2d.h">
      <Filter>src\Servidor\modelo\Physics\Bodies\Worm</Filter>
    </ClInclude>
    <ClInclude Include="src\Servidor\modelo\Physics\Bodies\Worm\WormActions.h">
      <Filter>src\Servidor\modelo\Physics\Bodies\Worm</Filter>
    </ClInclude>
    <ClInclude Include="src\Servidor\modelo\Physics\Bodies\Cuadrado.h">
      <Filter>src\Servidor\modelo\Physics\Bodies</Filter>
    </ClInclude>
    <ClInclude Include="src\Servidor\modelo\Physics\Body.h">
      <Filter>src\Servidor\modelo\Physics</Filter>
    </ClInclude>
    <ClInclude Include="Testbed\Tests\TerrenoConWorms.h">
      <Filter>Tests</Filter>
    </ClInclude>
  </ItemGroup>
  <ItemGroup>
    <ResourceCompile Include="Testbed.rc" />
  </ItemGroup>
</Project>