<?xml version="1.0" encoding="utf-8"?>
<Project ToolsVersion="4.0" xmlns="http://schemas.microsoft.com/developer/msbuild/2003">
  <ItemGroup>
    <Filter Include="Archivos de código fuente">
      <UniqueIdentifier>{4FC737F1-C7A5-4376-A066-2A32D752A2FF}</UniqueIdentifier>
      <Extensions>cpp;c;cc;cxx;def;odl;idl;hpj;bat;asm;asmx</Extensions>
    </Filter>
    <Filter Include="Archivos de encabezado">
      <UniqueIdentifier>{93995380-89BD-4b04-88EB-625FBE52EBFB}</UniqueIdentifier>
      <Extensions>h;hpp;hxx;hm;inl;inc;xsd</Extensions>
    </Filter>
    <Filter Include="Archivos de recursos">
      <UniqueIdentifier>{67DA6AB6-F800-4c08-8B7A-83BB121AAD01}</UniqueIdentifier>
      <Extensions>rc;ico;cur;bmp;dlg;rc2;rct;bin;rgs;gif;jpg;jpeg;jpe;resx;tiff;tif;png;wav;mfcribbon-ms</Extensions>
    </Filter>
    <Filter Include="Archivos de código fuente\utils">
      <UniqueIdentifier>{7634c77a-6120-4b01-96e5-a1dc44e74313}</UniqueIdentifier>
    </Filter>
    <Filter Include="Archivos de código fuente\utils\Constantes">
      <UniqueIdentifier>{afc2d006-c002-441d-a6e3-7218197dbad7}</UniqueIdentifier>
    </Filter>
    <Filter Include="Archivos de código fuente\utils\Log">
      <UniqueIdentifier>{490917a5-9372-48f0-bd84-02f4b11ffe8c}</UniqueIdentifier>
    </Filter>
    <Filter Include="Archivos de código fuente\server">
      <UniqueIdentifier>{4c2d6b08-a9d7-4b04-93b1-24b9cda3d0dc}</UniqueIdentifier>
    </Filter>
    <Filter Include="Archivos de código fuente\client">
      <UniqueIdentifier>{b45e5372-084a-4cd7-b805-8216f15f8cfe}</UniqueIdentifier>
    </Filter>
    <Filter Include="Archivos de código fuente\client\view">
      <UniqueIdentifier>{db8a11af-9a98-48a6-a017-b1ef56333670}</UniqueIdentifier>
    </Filter>
    <Filter Include="Archivos de código fuente\client\controller">
      <UniqueIdentifier>{7da69bcb-4e43-4f7f-b1eb-d39fb91c2bc8}</UniqueIdentifier>
    </Filter>
    <Filter Include="Archivos de código fuente\server\model">
      <UniqueIdentifier>{beb97245-adfc-498d-91b8-59b9d8111276}</UniqueIdentifier>
    </Filter>
    <Filter Include="Archivos de código fuente\server\model\physics">
      <UniqueIdentifier>{84fe9597-59fc-49e8-a9ea-6c8acecacaa1}</UniqueIdentifier>
    </Filter>
    <Filter Include="Archivos de código fuente\server\model\physics\Bodies">
      <UniqueIdentifier>{119d74c4-9d38-4f3f-a6c0-23f812296fee}</UniqueIdentifier>
    </Filter>
  </ItemGroup>
  <ItemGroup>
    <ClCompile Include="..\src\main.cpp">
      <Filter>Archivos de código fuente</Filter>
    </ClCompile>
    <ClCompile Include="..\src\utils\Log.cpp">
      <Filter>Archivos de código fuente\utils</Filter>
    </ClCompile>
    <ClCompile Include="..\src\utils\ParserYaml.cpp">
      <Filter>Archivos de código fuente\utils</Filter>
    </ClCompile>
    <ClCompile Include="..\src\utils\PersistYaml.cpp">
      <Filter>Archivos de código fuente\utils</Filter>
    </ClCompile>
    <ClCompile Include="..\src\Cliente\Cliente.cpp">
      <Filter>Archivos de código fuente\client</Filter>
    </ClCompile>
    <ClCompile Include="..\src\Cliente\controlador\Detector.cpp">
      <Filter>Archivos de código fuente\client\controller</Filter>
    </ClCompile>
    <ClCompile Include="..\src\Cliente\controlador\GameController.cpp">
      <Filter>Archivos de código fuente\client\controller</Filter>
    </ClCompile>
    <ClCompile Include="..\src\Servidor\Servidor.cpp">
      <Filter>Archivos de código fuente\server</Filter>
    </ClCompile>
    <ClCompile Include="..\src\Servidor\modelo\GameElement.cpp">
      <Filter>Archivos de código fuente\server\model</Filter>
    </ClCompile>
    <ClCompile Include="..\src\Servidor\modelo\GameEngine.cpp">
      <Filter>Archivos de código fuente\server\model</Filter>
    </ClCompile>
    <ClCompile Include="..\src\Servidor\modelo\GameEntity.cpp">
      <Filter>Archivos de código fuente\server\model</Filter>
    </ClCompile>
    <ClCompile Include="..\src\Servidor\modelo\GameLevel.cpp">
      <Filter>Archivos de código fuente\server\model</Filter>
    </ClCompile>
    <ClCompile Include="..\src\Servidor\modelo\GameLoop.cpp">
      <Filter>Archivos de código fuente\server\model</Filter>
    </ClCompile>
    <ClCompile Include="..\src\Cliente\vista\ViewMock.cpp">
      <Filter>Archivos de código fuente\client\view</Filter>
    </ClCompile>
    <ClCompile Include="..\src\Servidor\modelo\Physics\Body.cpp">
      <Filter>Archivos de código fuente\server\model\physics</Filter>
    </ClCompile>
    <ClCompile Include="..\src\Servidor\modelo\Physics\ContactListener.cpp">
      <Filter>Archivos de código fuente\server\model\physics</Filter>
    </ClCompile>
    <ClCompile Include="..\src\Cliente\vista\Activity.cpp">
      <Filter>Archivos de código fuente\client\view</Filter>
    </ClCompile>
    <ClCompile Include="..\src\Cliente\vista\Bootstrap.cpp">
      <Filter>Archivos de código fuente\client\view</Filter>
    </ClCompile>
    <ClCompile Include="..\src\Cliente\vista\FigureView.cpp">
      <Filter>Archivos de código fuente\client\view</Filter>
    </ClCompile>
    <ClCompile Include="..\src\Cliente\vista\GameActivity.cpp">
      <Filter>Archivos de código fuente\client\view</Filter>
    </ClCompile>
    <ClCompile Include="..\src\Cliente\vista\GameException.cpp">
      <Filter>Archivos de código fuente\client\view</Filter>
    </ClCompile>
    <ClCompile Include="..\src\Cliente\vista\SDLScreen.cpp">
      <Filter>Archivos de código fuente\client\view</Filter>
    </ClCompile>
    <ClCompile Include="..\src\Cliente\vista\SkyView.cpp">
      <Filter>Archivos de código fuente\client\view</Filter>
    </ClCompile>
    <ClCompile Include="..\src\Cliente\vista\TextureManager.cpp">
      <Filter>Archivos de código fuente\client\view</Filter>
    </ClCompile>
    <ClCompile Include="..\src\Cliente\vista\TScreen.cpp">
      <Filter>Archivos de código fuente\client\view</Filter>
    </ClCompile>
    <ClCompile Include="..\src\Cliente\vista\View.cpp">
      <Filter>Archivos de código fuente\client\view</Filter>
    </ClCompile>
    <ClCompile Include="..\src\Cliente\vista\ViewGroup.cpp">
      <Filter>Archivos de código fuente\client\view</Filter>
    </ClCompile>
    <ClCompile Include="..\src\Cliente\vista\WaterView.cpp">
      <Filter>Archivos de código fuente\client\view</Filter>
    </ClCompile>
    <ClCompile Include="..\src\Servidor\modelo\Physics\Bodies\Cuadrado.cpp">
      <Filter>Archivos de código fuente\server\model\physics\Bodies</Filter>
    </ClCompile>
    <ClCompile Include="..\src\Servidor\modelo\Physics\Bodies\Triangulo.cpp">
      <Filter>Archivos de código fuente\server\model\physics\Bodies</Filter>
    </ClCompile>
    <ClCompile Include="..\src\Servidor\modelo\Physics\Bodies\Pelota.cpp">
      <Filter>Archivos de código fuente\server\model\physics\Bodies</Filter>
    </ClCompile>
    <ClCompile Include="..\src\SystemManager.cpp">
      <Filter>Archivos de código fuente</Filter>
    </ClCompile>
    <ClCompile Include="..\src\Cliente\vista\RectangleView.cpp">
      <Filter>Archivos de código fuente\client\view</Filter>
    </ClCompile>
    <ClCompile Include="..\src\Cliente\vista\CircleView.cpp">
      <Filter>Archivos de código fuente\client\view</Filter>
    </ClCompile>
    <ClCompile Include="..\src\Cliente\vista\PolygonView.cpp">
      <Filter>Archivos de código fuente\client\view</Filter>
    </ClCompile>
    <ClCompile Include="..\src\Cliente\controlador\Event.cpp">
      <Filter>Archivos de código fuente\client\controller</Filter>
    </ClCompile>
    <ClCompile Include="..\src\Cliente\controlador\EventP.cpp">
      <Filter>Archivos de código fuente\client\controller</Filter>
    </ClCompile>
    <ClCompile Include="..\src\Cliente\controlador\EventQuit.cpp">
      <Filter>Archivos de código fuente\client\controller</Filter>
    </ClCompile>
    <ClCompile Include="..\src\Cliente\controlador\EventS.cpp">
      <Filter>Archivos de código fuente\client\controller</Filter>
    </ClCompile>
    <ClCompile Include="..\src\Cliente\vista\ViewBuilder.cpp">
      <Filter>Archivos de código fuente\client\view</Filter>
    </ClCompile>
    <ClCompile Include="..\src\Cliente\vista\DefaultViewBuilder.cpp">
      <Filter>Archivos de código fuente\client\view</Filter>
    </ClCompile>
  </ItemGroup>
  <ItemGroup>
    <ClInclude Include="..\src\utils\Log.h">
      <Filter>Archivos de código fuente\utils</Filter>
    </ClInclude>
    <ClInclude Include="..\src\utils\ParserYaml.h">
      <Filter>Archivos de código fuente\utils</Filter>
    </ClInclude>
    <ClInclude Include="..\src\utils\PersistYaml.h">
      <Filter>Archivos de código fuente\utils</Filter>
    </ClInclude>
    <ClInclude Include="..\src\utils\Constantes\Constantes.h">
      <Filter>Archivos de código fuente\utils\Constantes</Filter>
    </ClInclude>
    <ClInclude Include="..\src\Cliente\Cliente.h">
      <Filter>Archivos de código fuente\client</Filter>
    </ClInclude>
    <ClInclude Include="..\src\Cliente\controlador\Detector.h">
      <Filter>Archivos de código fuente\client\controller</Filter>
    </ClInclude>
    <ClInclude Include="..\src\Cliente\controlador\GameController.h">
      <Filter>Archivos de código fuente\client\controller</Filter>
    </ClInclude>
    <ClInclude Include="..\src\Servidor\Servidor.h">
      <Filter>Archivos de código fuente\server</Filter>
    </ClInclude>
    <ClInclude Include="..\src\Servidor\modelo\GameElement.h">
      <Filter>Archivos de código fuente\server\model</Filter>
    </ClInclude>
    <ClInclude Include="..\src\Servidor\modelo\GameEngine.h">
      <Filter>Archivos de código fuente\server\model</Filter>
    </ClInclude>
    <ClInclude Include="..\src\Servidor\modelo\GameEntity.h">
      <Filter>Archivos de código fuente\server\model</Filter>
    </ClInclude>
    <ClInclude Include="..\src\Servidor\modelo\GameLevel.h">
      <Filter>Archivos de código fuente\server\model</Filter>
    </ClInclude>
    <ClInclude Include="..\src\Servidor\modelo\GameLoop.h">
      <Filter>Archivos de código fuente\server\model</Filter>
    </ClInclude>
    <ClInclude Include="..\src\Cliente\vista\ViewMock.h">
      <Filter>Archivos de código fuente\client\view</Filter>
    </ClInclude>
    <ClInclude Include="..\src\Servidor\modelo\Physics\Body.h">
      <Filter>Archivos de código fuente\server\model\physics</Filter>
    </ClInclude>
    <ClInclude Include="..\src\Servidor\modelo\Physics\ContactListener.h">
      <Filter>Archivos de código fuente\server\model\physics</Filter>
    </ClInclude>
    <ClInclude Include="..\src\Cliente\vista\Activity.h">
      <Filter>Archivos de código fuente\client\view</Filter>
    </ClInclude>
    <ClInclude Include="..\src\Cliente\vista\Bootstrap.h">
      <Filter>Archivos de código fuente\client\view</Filter>
    </ClInclude>
    <ClInclude Include="..\src\Cliente\vista\FigureView.h">
      <Filter>Archivos de código fuente\client\view</Filter>
    </ClInclude>
    <ClInclude Include="..\src\Cliente\vista\GameActivity.h">
      <Filter>Archivos de código fuente\client\view</Filter>
    </ClInclude>
    <ClInclude Include="..\src\Cliente\vista\GameException.h">
      <Filter>Archivos de código fuente\client\view</Filter>
    </ClInclude>
    <ClInclude Include="..\src\Cliente\vista\SDLScreen.h">
      <Filter>Archivos de código fuente\client\view</Filter>
    </ClInclude>
    <ClInclude Include="..\src\Cliente\vista\SkyView.h">
      <Filter>Archivos de código fuente\client\view</Filter>
    </ClInclude>
    <ClInclude Include="..\src\Cliente\vista\TextureManager.h">
      <Filter>Archivos de código fuente\client\view</Filter>
    </ClInclude>
    <ClInclude Include="..\src\Cliente\vista\TScreen.h">
      <Filter>Archivos de código fuente\client\view</Filter>
    </ClInclude>
    <ClInclude Include="..\src\Cliente\vista\View.h">
      <Filter>Archivos de código fuente\client\view</Filter>
    </ClInclude>
    <ClInclude Include="..\src\Cliente\vista\ViewGroup.h">
      <Filter>Archivos de código fuente\client\view</Filter>
    </ClInclude>
    <ClInclude Include="..\src\Cliente\vista\WaterView.h">
      <Filter>Archivos de código fuente\client\view</Filter>
    </ClInclude>
    <ClInclude Include="..\src\Servidor\modelo\Physics\Bodies\Cuadrado.h">
      <Filter>Archivos de código fuente\server\model\physics\Bodies</Filter>
    </ClInclude>
    <ClInclude Include="..\src\Servidor\modelo\Physics\Bodies\Triangulo.h">
      <Filter>Archivos de código fuente\server\model\physics\Bodies</Filter>
    </ClInclude>
    <ClInclude Include="..\src\Servidor\modelo\Physics\Bodies\Pelota.h">
      <Filter>Archivos de código fuente\server\model\physics\Bodies</Filter>
    </ClInclude>
    <ClInclude Include="..\src\SystemManager.h">
      <Filter>Archivos de código fuente</Filter>
    </ClInclude>
    <ClInclude Include="..\src\Cliente\vista\RectangleView.h">
      <Filter>Archivos de código fuente\client\view</Filter>
    </ClInclude>
    <ClInclude Include="..\src\Cliente\vista\CircleView.h">
      <Filter>Archivos de código fuente\client\view</Filter>
    </ClInclude>
    <ClInclude Include="..\src\Cliente\vista\PolygonView.h">
      <Filter>Archivos de código fuente\client\view</Filter>
    </ClInclude>
    <ClInclude Include="..\src\Cliente\controlador\Event.h">
      <Filter>Archivos de código fuente\client\controller</Filter>
    </ClInclude>
    <ClInclude Include="..\src\Cliente\controlador\EventP.h">
      <Filter>Archivos de código fuente\client\controller</Filter>
    </ClInclude>
    <ClInclude Include="..\src\Cliente\controlador\EventQuit.h">
      <Filter>Archivos de código fuente\client\controller</Filter>
    </ClInclude>
    <ClInclude Include="..\src\Cliente\controlador\EventS.h">
      <Filter>Archivos de código fuente\client\controller</Filter>
    </ClInclude>
    <ClInclude Include="..\src\Cliente\vista\ViewBuilder.h">
      <Filter>Archivos de código fuente\client\view</Filter>
    </ClInclude>
    <ClInclude Include="..\src\Cliente\vista\DefaultViewBuilder.h">
      <Filter>Archivos de código fuente\client\view</Filter>
    </ClInclude>
  </ItemGroup>
</Project>